
Microsoft Visual Studio Solution File, Format Version 12.00
# Visual Studio 15
VisualStudioVersion = 15.0.28307.1433
MinimumVisualStudioVersion = 10.0.40219.1
Project("{FAE04EC0-301F-11D3-BF4B-00C04F79EFBC}") = "Сеть такси", "Сеть такси\Сеть такси.csproj", "{8DA72D54-2B20-4337-9678-452C8DDA56E5}"
EndProject
Global
	GlobalSection(SolutionConfigurationPlatforms) = preSolution
		Debug|Any CPU = Debug|Any CPU
		Release|Any CPU = Release|Any CPU
	EndGlobalSection
	GlobalSection(ProjectConfigurationPlatforms) = postSolution
		{8DA72D54-2B20-4337-9678-452C8DDA56E5}.Debug|Any CPU.ActiveCfg = Debug|Any CPU
		{8DA72D54-2B20-4337-9678-452C8DDA56E5}.Debug|Any CPU.Build.0 = Debug|Any CPU
		{8DA72D54-2B20-4337-9678-452C8DDA56E5}.Release|Any CPU.ActiveCfg = Release|Any CPU
		{8DA72D54-2B20-4337-9678-452C8DDA56E5}.Release|Any CPU.Build.0 = Release|Any CPU
	EndGlobalSection
	GlobalSection(SolutionProperties) = preSolution
		HideSolutionNode = FALSE
	EndGlobalSection
	GlobalSection(ExtensibilityGlobals) = postSolution
		SolutionGuid = {00875F49-ED24-4D93-B626-24B52F40E1C5}
	EndGlobalSection
EndGlobal
